
Microsoft Visual Studio Solution File, Format Version 12.00
#
VisualStudioVersion = 17.5.002.0
MinimumVisualStudioVersion = 
Project("{FAE04EC0-301F-11D3-BF4B-00C04F79EFBC}") = "BinarySearch", "BinarySearch\BinarySearch.csproj", "{5D4FE446-9422-4124-8DB6-07DFED1D817D}"
EndProject
Project("{FAE04EC0-301F-11D3-BF4B-00C04F79EFBC}") = "BinaryTree", "BinaryTree\BinaryTree.csproj", "{A6A7C9A0-DE9A-4C47-9B62-F033C537731C}"
EndProject
Project("{FAE04EC0-301F-11D3-BF4B-00C04F79EFBC}") = "BubbleSort", "BubbleSort\BubbleSort.csproj", "{54FB2A36-7561-4584-A28A-A1F686839B19}"
EndProject
Project("{FAE04EC0-301F-11D3-BF4B-00C04F79EFBC}") = "DepthFirstAndBreadthFirstSearch", "DepthFirstAndBreadthFirstSearch\DepthFirstAndBreadthFirstSearch.csproj", "{BE59BFE2-6D78-4E48-8152-283713651DC9}"
EndProject
Project("{2150E333-8FDC-42A3-9474-1A3956D46DE8}") = "Questions", "Questions", "{B4F22D4D-343B-4E8C-92A7-30D147F71B8A}"
EndProject
Project("{FAE04EC0-301F-11D3-BF4B-00C04F79EFBC}") = "GridNeighborQuestion", "Questions\GridNeighborQuestion\GridNeighborQuestion.csproj", "{13DE7D34-62C0-4B36-B489-542D5E565658}"
EndProject
Project("{2150E333-8FDC-42A3-9474-1A3956D46DE8}") = "GraphAlgorithms", "GraphAlgorithms", "{3D34D1E5-7B5E-45FD-9A70-BE8289F014F3}"
EndProject
Project("{FAE04EC0-301F-11D3-BF4B-00C04F79EFBC}") = "HasPath", "HasPath\HasPath.csproj", "{3F8CABFB-F314-4B75-BDF1-E8C5E8EA603C}"
EndProject
Project("{FAE04EC0-301F-11D3-BF4B-00C04F79EFBC}") = "UndirectedPath", "UndirectedPath\UndirectedPath.csproj", "{FC2B29C4-0DB1-4C4D-8B3B-595C1CC98131}"
EndProject
Project("{FAE04EC0-301F-11D3-BF4B-00C04F79EFBC}") = "ConnectedComponents", "ConnectedComponents\ConnectedComponents.csproj", "{E8E6F154-DAE1-4C47-927A-82ECFDE98C2F}"
EndProject
Global
	GlobalSection(SolutionConfigurationPlatforms) = preSolution
		Debug|Any CPU = Debug|Any CPU
		Release|Any CPU = Release|Any CPU
	EndGlobalSection
	GlobalSection(ProjectConfigurationPlatforms) = postSolution
		{5D4FE446-9422-4124-8DB6-07DFED1D817D}.Debug|Any CPU.ActiveCfg = Debug|Any CPU
		{5D4FE446-9422-4124-8DB6-07DFED1D817D}.Debug|Any CPU.Build.0 = Debug|Any CPU
		{5D4FE446-9422-4124-8DB6-07DFED1D817D}.Release|Any CPU.ActiveCfg = Release|Any CPU
		{5D4FE446-9422-4124-8DB6-07DFED1D817D}.Release|Any CPU.Build.0 = Release|Any CPU
		{A6A7C9A0-DE9A-4C47-9B62-F033C537731C}.Debug|Any CPU.ActiveCfg = Debug|Any CPU
		{A6A7C9A0-DE9A-4C47-9B62-F033C537731C}.Debug|Any CPU.Build.0 = Debug|Any CPU
		{A6A7C9A0-DE9A-4C47-9B62-F033C537731C}.Release|Any CPU.ActiveCfg = Release|Any CPU
		{A6A7C9A0-DE9A-4C47-9B62-F033C537731C}.Release|Any CPU.Build.0 = Release|Any CPU
		{54FB2A36-7561-4584-A28A-A1F686839B19}.Debug|Any CPU.ActiveCfg = Debug|Any CPU
		{54FB2A36-7561-4584-A28A-A1F686839B19}.Debug|Any CPU.Build.0 = Debug|Any CPU
		{54FB2A36-7561-4584-A28A-A1F686839B19}.Release|Any CPU.ActiveCfg = Release|Any CPU
		{54FB2A36-7561-4584-A28A-A1F686839B19}.Release|Any CPU.Build.0 = Release|Any CPU
		{BE59BFE2-6D78-4E48-8152-283713651DC9}.Debug|Any CPU.ActiveCfg = Debug|Any CPU
		{BE59BFE2-6D78-4E48-8152-283713651DC9}.Debug|Any CPU.Build.0 = Debug|Any CPU
		{BE59BFE2-6D78-4E48-8152-283713651DC9}.Release|Any CPU.ActiveCfg = Release|Any CPU
		{BE59BFE2-6D78-4E48-8152-283713651DC9}.Release|Any CPU.Build.0 = Release|Any CPU
		{13DE7D34-62C0-4B36-B489-542D5E565658}.Debug|Any CPU.ActiveCfg = Debug|Any CPU
		{13DE7D34-62C0-4B36-B489-542D5E565658}.Debug|Any CPU.Build.0 = Debug|Any CPU
		{13DE7D34-62C0-4B36-B489-542D5E565658}.Release|Any CPU.ActiveCfg = Release|Any CPU
		{13DE7D34-62C0-4B36-B489-542D5E565658}.Release|Any CPU.Build.0 = Release|Any CPU
		{3F8CABFB-F314-4B75-BDF1-E8C5E8EA603C}.Debug|Any CPU.ActiveCfg = Debug|Any CPU
		{3F8CABFB-F314-4B75-BDF1-E8C5E8EA603C}.Debug|Any CPU.Build.0 = Debug|Any CPU
		{3F8CABFB-F314-4B75-BDF1-E8C5E8EA603C}.Release|Any CPU.ActiveCfg = Release|Any CPU
		{3F8CABFB-F314-4B75-BDF1-E8C5E8EA603C}.Release|Any CPU.Build.0 = Release|Any CPU
		{FC2B29C4-0DB1-4C4D-8B3B-595C1CC98131}.Debug|Any CPU.ActiveCfg = Debug|Any CPU
		{FC2B29C4-0DB1-4C4D-8B3B-595C1CC98131}.Debug|Any CPU.Build.0 = Debug|Any CPU
		{FC2B29C4-0DB1-4C4D-8B3B-595C1CC98131}.Release|Any CPU.ActiveCfg = Release|Any CPU
		{FC2B29C4-0DB1-4C4D-8B3B-595C1CC98131}.Release|Any CPU.Build.0 = Release|Any CPU
		{E8E6F154-DAE1-4C47-927A-82ECFDE98C2F}.Debug|Any CPU.ActiveCfg = Debug|Any CPU
		{E8E6F154-DAE1-4C47-927A-82ECFDE98C2F}.Debug|Any CPU.Build.0 = Debug|Any CPU
		{E8E6F154-DAE1-4C47-927A-82ECFDE98C2F}.Release|Any CPU.ActiveCfg = Release|Any CPU
		{E8E6F154-DAE1-4C47-927A-82ECFDE98C2F}.Release|Any CPU.Build.0 = Release|Any CPU
	EndGlobalSection
	GlobalSection(SolutionProperties) = preSolution
		HideSolutionNode = FALSE
	EndGlobalSection
	GlobalSection(NestedProjects) = preSolution
		{13DE7D34-62C0-4B36-B489-542D5E565658} = {B4F22D4D-343B-4E8C-92A7-30D147F71B8A}
		{BE59BFE2-6D78-4E48-8152-283713651DC9} = {3D34D1E5-7B5E-45FD-9A70-BE8289F014F3}
		{3F8CABFB-F314-4B75-BDF1-E8C5E8EA603C} = {3D34D1E5-7B5E-45FD-9A70-BE8289F014F3}
		{FC2B29C4-0DB1-4C4D-8B3B-595C1CC98131} = {3D34D1E5-7B5E-45FD-9A70-BE8289F014F3}
		{E8E6F154-DAE1-4C47-927A-82ECFDE98C2F} = {3D34D1E5-7B5E-45FD-9A70-BE8289F014F3}
	EndGlobalSection
EndGlobal
