
Microsoft Visual Studio Solution File, Format Version 12.00
Project("{FAE04EC0-301F-11D3-BF4B-00C04F79EFBC}") = "BinarySearch", "BinarySearch\BinarySearch.csproj", "{5D4FE446-9422-4124-8DB6-07DFED1D817D}"
EndProject
Project("{FAE04EC0-301F-11D3-BF4B-00C04F79EFBC}") = "BinaryTree", "BinaryTree\BinaryTree.csproj", "{A6A7C9A0-DE9A-4C47-9B62-F033C537731C}"
EndProject
Project("{FAE04EC0-301F-11D3-BF4B-00C04F79EFBC}") = "BubbleSort", "BubbleSort\BubbleSort.csproj", "{54FB2A36-7561-4584-A28A-A1F686839B19}"
EndProject
Global
	GlobalSection(SolutionConfigurationPlatforms) = preSolution
		Debug|Any CPU = Debug|Any CPU
		Release|Any CPU = Release|Any CPU
	EndGlobalSection
	GlobalSection(ProjectConfigurationPlatforms) = postSolution
		{5D4FE446-9422-4124-8DB6-07DFED1D817D}.Debug|Any CPU.ActiveCfg = Debug|Any CPU
		{5D4FE446-9422-4124-8DB6-07DFED1D817D}.Debug|Any CPU.Build.0 = Debug|Any CPU
		{5D4FE446-9422-4124-8DB6-07DFED1D817D}.Release|Any CPU.ActiveCfg = Release|Any CPU
		{5D4FE446-9422-4124-8DB6-07DFED1D817D}.Release|Any CPU.Build.0 = Release|Any CPU
		{A6A7C9A0-DE9A-4C47-9B62-F033C537731C}.Debug|Any CPU.ActiveCfg = Debug|Any CPU
		{A6A7C9A0-DE9A-4C47-9B62-F033C537731C}.Debug|Any CPU.Build.0 = Debug|Any CPU
		{A6A7C9A0-DE9A-4C47-9B62-F033C537731C}.Release|Any CPU.ActiveCfg = Release|Any CPU
		{A6A7C9A0-DE9A-4C47-9B62-F033C537731C}.Release|Any CPU.Build.0 = Release|Any CPU
		{54FB2A36-7561-4584-A28A-A1F686839B19}.Debug|Any CPU.ActiveCfg = Debug|Any CPU
		{54FB2A36-7561-4584-A28A-A1F686839B19}.Debug|Any CPU.Build.0 = Debug|Any CPU
		{54FB2A36-7561-4584-A28A-A1F686839B19}.Release|Any CPU.ActiveCfg = Release|Any CPU
		{54FB2A36-7561-4584-A28A-A1F686839B19}.Release|Any CPU.Build.0 = Release|Any CPU
	EndGlobalSection
EndGlobal
